
Microsoft Visual Studio Solution File, Format Version 12.00
# Visual Studio Version 16
VisualStudioVersion = 16.0.31624.102
MinimumVisualStudioVersion = 10.0.40219.1
Project("{FAE04EC0-301F-11D3-BF4B-00C04F79EFBC}") = "Sumade2Numeros", "Sumade2Numeros\Sumade2Numeros.csproj", "{9C678386-E0B8-4EC6-ACC4-B1E796703458}"
EndProject
Global
	GlobalSection(SolutionConfigurationPlatforms) = preSolution
		Debug|Any CPU = Debug|Any CPU
		Release|Any CPU = Release|Any CPU
	EndGlobalSection
	GlobalSection(ProjectConfigurationPlatforms) = postSolution
		{9C678386-E0B8-4EC6-ACC4-B1E796703458}.Debug|Any CPU.ActiveCfg = Debug|Any CPU
		{9C678386-E0B8-4EC6-ACC4-B1E796703458}.Debug|Any CPU.Build.0 = Debug|Any CPU
		{9C678386-E0B8-4EC6-ACC4-B1E796703458}.Release|Any CPU.ActiveCfg = Release|Any CPU
		{9C678386-E0B8-4EC6-ACC4-B1E796703458}.Release|Any CPU.Build.0 = Release|Any CPU
	EndGlobalSection
	GlobalSection(SolutionProperties) = preSolution
		HideSolutionNode = FALSE
	EndGlobalSection
	GlobalSection(ExtensibilityGlobals) = postSolution
		SolutionGuid = {1C1B41EA-9F55-4A15-9401-E20F82BEB6F9}
	EndGlobalSection
EndGlobal
